// !$*UTF8*$!
{
	archiveVersion = 1;
	classes = {
	};
	objectVersion = 46;
	objects = {

/* Begin PBXBuildFile section */
		D37EFAA31B10876C0013BE50 /* AppDelegate.swift in Sources */ = {isa = PBXBuildFile; fileRef = D37EFAA21B10876C0013BE50 /* AppDelegate.swift */; };
		D37EFAA61B10876C0013BE50 /* ClickTick.xcdatamodeld in Sources */ = {isa = PBXBuildFile; fileRef = D37EFAA41B10876C0013BE50 /* ClickTick.xcdatamodeld */; };
		D37EFAA81B10876C0013BE50 /* ViewController.swift in Sources */ = {isa = PBXBuildFile; fileRef = D37EFAA71B10876C0013BE50 /* ViewController.swift */; };
		D37EFAAB1B10876C0013BE50 /* Main.storyboard in Resources */ = {isa = PBXBuildFile; fileRef = D37EFAA91B10876C0013BE50 /* Main.storyboard */; };
		D37EFAAD1B10876C0013BE50 /* Images.xcassets in Resources */ = {isa = PBXBuildFile; fileRef = D37EFAAC1B10876C0013BE50 /* Images.xcassets */; };
		D37EFAB01B10876C0013BE50 /* LaunchScreen.xib in Resources */ = {isa = PBXBuildFile; fileRef = D37EFAAE1B10876C0013BE50 /* LaunchScreen.xib */; };
		D37EFABC1B10876D0013BE50 /* ClickTickTests.swift in Sources */ = {isa = PBXBuildFile; fileRef = D37EFABB1B10876D0013BE50 /* ClickTickTests.swift */; };
/* End PBXBuildFile section */

/* Begin PBXContainerItemProxy section */
		D37EFAB61B10876D0013BE50 /* PBXContainerItemProxy */ = {
			isa = PBXContainerItemProxy;
			containerPortal = D37EFA951B10876C0013BE50 /* Project object */;
			proxyType = 1;
			remoteGlobalIDString = D37EFA9C1B10876C0013BE50;
			remoteInfo = ClickTick;
		};
/* End PBXContainerItemProxy section */

/* Begin PBXFileReference section */
		D37EFA9D1B10876C0013BE50 /* ClickTick.app */ = {isa = PBXFileReference; explicitFileType = wrapper.application; includeInIndex = 0; path = ClickTick.app; sourceTree = BUILT_PRODUCTS_DIR; };
		D37EFAA11B10876C0013BE50 /* Info.plist */ = {isa = PBXFileReference; lastKnownFileType = text.plist.xml; path = Info.plist; sourceTree = "<group>"; };
		D37EFAA21B10876C0013BE50 /* AppDelegate.swift */ = {isa = PBXFileReference; lastKnownFileType = sourcecode.swift; path = AppDelegate.swift; sourceTree = "<group>"; };
		D37EFAA51B10876C0013BE50 /* ClickTick.xcdatamodel */ = {isa = PBXFileReference; lastKnownFileType = wrapper.xcdatamodel; path = ClickTick.xcdatamodel; sourceTree = "<group>"; };
		D37EFAA71B10876C0013BE50 /* ViewController.swift */ = {isa = PBXFileReference; lastKnownFileType = sourcecode.swift; path = ViewController.swift; sourceTree = "<group>"; };
		D37EFAAA1B10876C0013BE50 /* Base */ = {isa = PBXFileReference; lastKnownFileType = file.storyboard; name = Base; path = Base.lproj/Main.storyboard; sourceTree = "<group>"; };
		D37EFAAC1B10876C0013BE50 /* Images.xcassets */ = {isa = PBXFileReference; lastKnownFileType = folder.assetcatalog; path = Images.xcassets; sourceTree = "<group>"; };
		D37EFAAF1B10876C0013BE50 /* Base */ = {isa = PBXFileReference; lastKnownFileType = file.xib; name = Base; path = Base.lproj/LaunchScreen.xib; sourceTree = "<group>"; };
		D37EFAB51B10876D0013BE50 /* ClickTickTests.xctest */ = {isa = PBXFileReference; explicitFileType = wrapper.cfbundle; includeInIndex = 0; path = ClickTickTests.xctest; sourceTree = BUILT_PRODUCTS_DIR; };
		D37EFABA1B10876D0013BE50 /* Info.plist */ = {isa = PBXFileReference; lastKnownFileType = text.plist.xml; path = Info.plist; sourceTree = "<group>"; };
		D37EFABB1B10876D0013BE50 /* ClickTickTests.swift */ = {isa = PBXFileReference; lastKnownFileType = sourcecode.swift; path = ClickTickTests.swift; sourceTree = "<group>"; };
/* End PBXFileReference section */

/* Begin PBXFrameworksBuildPhase section */
		D37EFA9A1B10876C0013BE50 /* Frameworks */ = {
			isa = PBXFrameworksBuildPhase;
			buildActionMask = 2147483647;
			files = (
			);
			runOnlyForDeploymentPostprocessing = 0;
		};
		D37EFAB21B10876D0013BE50 /* Frameworks */ = {
			isa = PBXFrameworksBuildPhase;
			buildActionMask = 2147483647;
			files = (
			);
			runOnlyForDeploymentPostprocessing = 0;
		};
/* End PBXFrameworksBuildPhase section */

/* Begin PBXGroup section */
		D37EFA941B10876C0013BE50 = {
			isa = PBXGroup;
			children = (
				D37EFA9F1B10876C0013BE50 /* ClickTick */,
				D37EFAB81B10876D0013BE50 /* ClickTickTests */,
				D37EFA9E1B10876C0013BE50 /* Products */,
			);
			sourceTree = "<group>";
		};
		D37EFA9E1B10876C0013BE50 /* Products */ = {
			isa = PBXGroup;
			children = (
				D37EFA9D1B10876C0013BE50 /* ClickTick.app */,
				D37EFAB51B10876D0013BE50 /* ClickTickTests.xctest */,
			);
			name = Products;
			sourceTree = "<group>";
		};
		D37EFA9F1B10876C0013BE50 /* ClickTick */ = {
			isa = PBXGroup;
			children = (
				D37EFAA21B10876C0013BE50 /* AppDelegate.swift */,
				D37EFAA71B10876C0013BE50 /* ViewController.swift */,
				D37EFAA91B10876C0013BE50 /* Main.storyboard */,
				D37EFAAC1B10876C0013BE50 /* Images.xcassets */,
				D37EFAAE1B10876C0013BE50 /* LaunchScreen.xib */,
				D37EFAA41B10876C0013BE50 /* ClickTick.xcdatamodeld */,
				D37EFAA01B10876C0013BE50 /* Supporting Files */,
			);
			path = ClickTick;
			sourceTree = "<group>";
		};
		D37EFAA01B10876C0013BE50 /* Supporting Files */ = {
			isa = PBXGroup;
			children = (
				D37EFAA11B10876C0013BE50 /* Info.plist */,
			);
			name = "Supporting Files";
			sourceTree = "<group>";
		};
		D37EFAB81B10876D0013BE50 /* ClickTickTests */ = {
			isa = PBXGroup;
			children = (
				D37EFABB1B10876D0013BE50 /* ClickTickTests.swift */,
				D37EFAB91B10876D0013BE50 /* Supporting Files */,
			);
			path = ClickTickTests;
			sourceTree = "<group>";
		};
		D37EFAB91B10876D0013BE50 /* Supporting Files */ = {
			isa = PBXGroup;
			children = (
				D37EFABA1B10876D0013BE50 /* Info.plist */,
			);
			name = "Supporting Files";
			sourceTree = "<group>";
		};
/* End PBXGroup section */

/* Begin PBXNativeTarget section */
		D37EFA9C1B10876C0013BE50 /* ClickTick */ = {
			isa = PBXNativeTarget;
			buildConfigurationList = D37EFABF1B10876D0013BE50 /* Build configuration list for PBXNativeTarget "ClickTick" */;
			buildPhases = (
				D37EFA991B10876C0013BE50 /* Sources */,
				D37EFA9A1B10876C0013BE50 /* Frameworks */,
				D37EFA9B1B10876C0013BE50 /* Resources */,
			);
			buildRules = (
			);
			dependencies = (
			);
			name = ClickTick;
			productName = ClickTick;
			productReference = D37EFA9D1B10876C0013BE50 /* ClickTick.app */;
			productType = "com.apple.product-type.application";
		};
		D37EFAB41B10876D0013BE50 /* ClickTickTests */ = {
			isa = PBXNativeTarget;
			buildConfigurationList = D37EFAC21B10876D0013BE50 /* Build configuration list for PBXNativeTarget "ClickTickTests" */;
			buildPhases = (
				D37EFAB11B10876D0013BE50 /* Sources */,
				D37EFAB21B10876D0013BE50 /* Frameworks */,
				D37EFAB31B10876D0013BE50 /* Resources */,
			);
			buildRules = (
			);
			dependencies = (
				D37EFAB71B10876D0013BE50 /* PBXTargetDependency */,
			);
			name = ClickTickTests;
			productName = ClickTickTests;
			productReference = D37EFAB51B10876D0013BE50 /* ClickTickTests.xctest */;
			productType = "com.apple.product-type.bundle.unit-test";
		};
/* End PBXNativeTarget section */

/* Begin PBXProject section */
		D37EFA951B10876C0013BE50 /* Project object */ = {
			isa = PBXProject;
			attributes = {
				LastUpgradeCheck = 0630;
				ORGANIZATIONNAME = YASH;
				TargetAttributes = {
					D37EFA9C1B10876C0013BE50 = {
						CreatedOnToolsVersion = 6.3.2;
					};
					D37EFAB41B10876D0013BE50 = {
						CreatedOnToolsVersion = 6.3.2;
						TestTargetID = D37EFA9C1B10876C0013BE50;
					};
				};
			};
			buildConfigurationList = D37EFA981B10876C0013BE50 /* Build configuration list for PBXProject "ClickTick" */;
			compatibilityVersion = "Xcode 3.2";
			developmentRegion = English;
			hasScannedForEncodings = 0;
			knownRegions = (
				en,
				Base,
			);
			mainGroup = D37EFA941B10876C0013BE50;
			productRefGroup = D37EFA9E1B10876C0013BE50 /* Products */;
			projectDirPath = "";
			projectRoot = "";
			targets = (
				D37EFA9C1B10876C0013BE50 /* ClickTick */,
				D37EFAB41B10876D0013BE50 /* ClickTickTests */,
			);
		};
/* End PBXProject section */

/* Begin PBXResourcesBuildPhase section */
		D37EFA9B1B10876C0013BE50 /* Resources */ = {
			isa = PBXResourcesBuildPhase;
			buildActionMask = 2147483647;
			files = (
				D37EFAAB1B10876C0013BE50 /* Main.storyboard in Resources */,
				D37EFAB01B10876C0013BE50 /* LaunchScreen.xib in Resources */,
				D37EFAAD1B10876C0013BE50 /* Images.xcassets in Resources */,
			);
			runOnlyForDeploymentPostprocessing = 0;
		};
		D37EFAB31B10876D0013BE50 /* Resources */ = {
			isa = PBXResourcesBuildPhase;
			buildActionMask = 2147483647;
			files = (
			);
			runOnlyForDeploymentPostprocessing = 0;
		};
/* End PBXResourcesBuildPhase section */

/* Begin PBXSourcesBuildPhase section */
		D37EFA991B10876C0013BE50 /* Sources */ = {
			isa = PBXSourcesBuildPhase;
			buildActionMask = 2147483647;
			files = (
				D37EFAA81B10876C0013BE50 /* ViewController.swift in Sources */,
				D37EFAA31B10876C0013BE50 /* AppDelegate.swift in Sources */,
				D37EFAA61B10876C0013BE50 /* ClickTick.xcdatamodeld in Sources */,
			);
			runOnlyForDeploymentPostprocessing = 0;
		};
		D37EFAB11B10876D0013BE50 /* Sources */ = {
			isa = PBXSourcesBuildPhase;
			buildActionMask = 2147483647;
			files = (
				D37EFABC1B10876D0013BE50 /* ClickTickTests.swift in Sources */,
			);
			runOnlyForDeploymentPostprocessing = 0;
		};
/* End PBXSourcesBuildPhase section */

/* Begin PBXTargetDependency section */
		D37EFAB71B10876D0013BE50 /* PBXTargetDependency */ = {
			isa = PBXTargetDependency;
			target = D37EFA9C1B10876C0013BE50 /* ClickTick */;
			targetProxy = D37EFAB61B10876D0013BE50 /* PBXContainerItemProxy */;
		};
/* End PBXTargetDependency section */

/* Begin PBXVariantGroup section */
		D37EFAA91B10876C0013BE50 /* Main.storyboard */ = {
			isa = PBXVariantGroup;
			children = (
				D37EFAAA1B10876C0013BE50 /* Base */,
			);
			name = Main.storyboard;
			sourceTree = "<group>";
		};
		D37EFAAE1B10876C0013BE50 /* LaunchScreen.xib */ = {
			isa = PBXVariantGroup;
			children = (
				D37EFAAF1B10876C0013BE50 /* Base */,
			);
			name = LaunchScreen.xib;
			sourceTree = "<group>";
		};
/* End PBXVariantGroup section */

/* Begin XCBuildConfiguration section */
		D37EFABD1B10876D0013BE50 /* Debug */ = {
			isa = XCBuildConfiguration;
			buildSettings = {
				ALWAYS_SEARCH_USER_PATHS = NO;
				CLANG_CXX_LANGUAGE_STANDARD = "gnu++0x";
				CLANG_CXX_LIBRARY = "libc++";
				CLANG_ENABLE_MODULES = YES;
				CLANG_ENABLE_OBJC_ARC = YES;
				CLANG_WARN_BOOL_CONVERSION = YES;
				CLANG_WARN_CONSTANT_CONVERSION = YES;
				CLANG_WARN_DIRECT_OBJC_ISA_USAGE = YES_ERROR;
				CLANG_WARN_EMPTY_BODY = YES;
				CLANG_WARN_ENUM_CONVERSION = YES;
				CLANG_WARN_INT_CONVERSION = YES;
				CLANG_WARN_OBJC_ROOT_CLASS = YES_ERROR;
				CLANG_WARN_UNREACHABLE_CODE = YES;
				CLANG_WARN__DUPLICATE_METHOD_MATCH = YES;
				"CODE_SIGN_IDENTITY[sdk=iphoneos*]" = "iPhone Developer";
				COPY_PHASE_STRIP = NO;
				DEBUG_INFORMATION_FORMAT = "dwarf-with-dsym";
				ENABLE_STRICT_OBJC_MSGSEND = YES;
				GCC_C_LANGUAGE_STANDARD = gnu99;
				GCC_DYNAMIC_NO_PIC = NO;
				GCC_NO_COMMON_BLOCKS = YES;
				GCC_OPTIMIZATION_LEVEL = 0;
				GCC_PREPROCESSOR_DEFINITIONS = (
					"DEBUG=1",
					"$(inherited)",
				);
				GCC_SYMBOLS_PRIVATE_EXTERN = NO;
				GCC_WARN_64_TO_32_BIT_CONVERSION = YES;
				GCC_WARN_ABOUT_RETURN_TYPE = YES_ERROR;
				GCC_WARN_UNDECLARED_SELECTOR = YES;
				GCC_WARN_UNINITIALIZED_AUTOS = YES_AGGRESSIVE;
				GCC_WARN_UNUSED_FUNCTION = YES;
				GCC_WARN_UNUSED_VARIABLE = YES;
				IPHONEOS_DEPLOYMENT_TARGET = 8.3;
				MTL_ENABLE_DEBUG_INFO = YES;
				ONLY_ACTIVE_ARCH = YES;
				SDKROOT = iphoneos;
				SWIFT_OPTIMIZATION_LEVEL = "-Onone";
			};
			name = Debug;
		};
		D37EFABE1B10876D0013BE50 /* Release */ = {
			isa = XCBuildConfiguration;
			buildSettings = {
				ALWAYS_SEARCH_USER_PATHS = NO;
				CLANG_CXX_LANGUAGE_STANDARD = "gnu++0x";
				CLANG_CXX_LIBRARY = "libc++";
				CLANG_ENABLE_MODULES = YES;
				CLANG_ENABLE_OBJC_ARC = YES;
				CLANG_WARN_BOOL_CONVERSION = YES;
				CLANG_WARN_CONSTANT_CONVERSION = YES;
				CLANG_WARN_DIRECT_OBJC_ISA_USAGE = YES_ERROR;
				CLANG_WARN_EMPTY_BODY = YES;
				CLANG_WARN_ENUM_CONVERSION = YES;
				CLANG_WARN_INT_CONVERSION = YES;
				CLANG_WARN_OBJC_ROOT_CLASS = YES_ERROR;
				CLANG_WARN_UNREACHABLE_CODE = YES;
				CLANG_WARN__DUPLICATE_METHOD_MATCH = YES;
				"CODE_SIGN_IDENTITY[sdk=iphoneos*]" = "iPhone Developer";
				COPY_PHASE_STRIP = NO;
				DEBUG_INFORMATION_FORMAT = "dwarf-with-dsym";
				ENABLE_NS_ASSERTIONS = NO;
				ENABLE_STRICT_OBJC_MSGSEND = YES;
				GCC_C_LANGUAGE_STANDARD = gnu99;
				GCC_NO_COMMON_BLOCKS = YES;
				GCC_WARN_64_TO_32_BIT_CONVERSION = YES;
				GCC_WARN_ABOUT_RETURN_TYPE = YES_ERROR;
				GCC_WARN_UNDECLARED_SELECTOR = YES;
				GCC_WARN_UNINITIALIZED_AUTOS = YES_AGGRESSIVE;
				GCC_WARN_UNUSED_FUNCTION = YES;
				GCC_WARN_UNUSED_VARIABLE = YES;
				IPHONEOS_DEPLOYMENT_TARGET = 8.3;
				MTL_ENABLE_DEBUG_INFO = NO;
				SDKROOT = iphoneos;
				VALIDATE_PRODUCT = YES;
			};
			name = Release;
		};
		D37EFAC01B10876D0013BE50 /* Debug */ = {
			isa = XCBuildConfiguration;
			buildSettings = {
				ASSETCATALOG_COMPILER_APPICON_NAME = AppIcon;
				INFOPLIST_FILE = ClickTick/Info.plist;
				LD_RUNPATH_SEARCH_PATHS = "$(inherited) @executable_path/Frameworks";
				PRODUCT_NAME = "$(TARGET_NAME)";
			};
			name = Debug;
		};
		D37EFAC11B10876D0013BE50 /* Release */ = {
			isa = XCBuildConfiguration;
			buildSettings = {
				ASSETCATALOG_COMPILER_APPICON_NAME = AppIcon;
				INFOPLIST_FILE = ClickTick/Info.plist;
				LD_RUNPATH_SEARCH_PATHS = "$(inherited) @executable_path/Frameworks";
				PRODUCT_NAME = "$(TARGET_NAME)";
			};
			name = Release;
		};
		D37EFAC31B10876D0013BE50 /* Debug */ = {
			isa = XCBuildConfiguration;
			buildSettings = {
				BUNDLE_LOADER = "$(TEST_HOST)";
				FRAMEWORK_SEARCH_PATHS = (
					"$(SDKROOT)/Developer/Library/Frameworks",
					"$(inherited)",
				);
				GCC_PREPROCESSOR_DEFINITIONS = (
					"DEBUG=1",
					"$(inherited)",
				);
				INFOPLIST_FILE = ClickTickTests/Info.plist;
				LD_RUNPATH_SEARCH_PATHS = "$(inherited) @executable_path/Frameworks @loader_path/Frameworks";
				PRODUCT_NAME = "$(TARGET_NAME)";
				TEST_HOST = "$(BUILT_PRODUCTS_DIR)/ClickTick.app/ClickTick";
			};
			name = Debug;
		};
		D37EFAC41B10876D0013BE50 /* Release */ = {
			isa = XCBuildConfiguration;
			buildSettings = {
				BUNDLE_LOADER = "$(TEST_HOST)";
				FRAMEWORK_SEARCH_PATHS = (
					"$(SDKROOT)/Developer/Library/Frameworks",
					"$(inherited)",
				);
				INFOPLIST_FILE = ClickTickTests/Info.plist;
				LD_RUNPATH_SEARCH_PATHS = "$(inherited) @executable_path/Frameworks @loader_path/Frameworks";
				PRODUCT_NAME = "$(TARGET_NAME)";
				TEST_HOST = "$(BUILT_PRODUCTS_DIR)/ClickTick.app/ClickTick";
			};
			name = Release;
		};
/* End XCBuildConfiguration section */

/* Begin XCConfigurationList section */
		D37EFA981B10876C0013BE50 /* Build configuration list for PBXProject "ClickTick" */ = {
			isa = XCConfigurationList;
			buildConfigurations = (
				D37EFABD1B10876D0013BE50 /* Debug */,
				D37EFABE1B10876D0013BE50 /* Release */,
			);
			defaultConfigurationIsVisible = 0;
			defaultConfigurationName = Release;
		};
		D37EFABF1B10876D0013BE50 /* Build configuration list for PBXNativeTarget "ClickTick" */ = {
			isa = XCConfigurationList;
			buildConfigurations = (
				D37EFAC01B10876D0013BE50 /* Debug */,
				D37EFAC11B10876D0013BE50 /* Release */,
			);
			defaultConfigurationIsVisible = 0;
		};
		D37EFAC21B10876D0013BE50 /* Build configuration list for PBXNativeTarget "ClickTickTests" */ = {
			isa = XCConfigurationList;
			buildConfigurations = (
				D37EFAC31B10876D0013BE50 /* Debug */,
				D37EFAC41B10876D0013BE50 /* Release */,
			);
			defaultConfigurationIsVisible = 0;
		};
/* End XCConfigurationList section */

/* Begin XCVersionGroup section */
		D37EFAA41B10876C0013BE50 /* ClickTick.xcdatamodeld */ = {
			isa = XCVersionGroup;
			children = (
				D37EFAA51B10876C0013BE50 /* ClickTick.xcdatamodel */,
			);
			currentVersion = D37EFAA51B10876C0013BE50 /* ClickTick.xcdatamodel */;
			path = ClickTick.xcdatamodeld;
			sourceTree = "<group>";
			versionGroupType = wrapper.xcdatamodel;
		};
/* End XCVersionGroup section */
	};
	rootObject = D37EFA951B10876C0013BE50 /* Project object */;
}
